{
  "name": "circe-config",
  "version": "1.0.0",
  "lockfileVersion": 1,
  "dependencies": {
    "@types/debug": {
      "version": "0.0.30",
      "resolved": "https://registry.npmjs.org/@types/debug/-/debug-0.0.30.tgz",
      "integrity": "sha512-orGL5LXERPYsLov6CWs3Fh6203+dXzJkR7OnddIr2514Hsecwc8xRpzCapshBbKFImCsvS/mk6+FWiN5LyZJAQ==",
      "dev": true
    },
    "@types/lodash": {
      "version": "4.14.73",
      "resolved": "https://registry.npmjs.org/@types/lodash/-/lodash-4.14.73.tgz",
      "integrity": "sha512-wZDQC6C2VlCaddkd57b363vLL8J6zcwMqP5jqR4Aikcfh85FmPTINrSCWXZHG9JlkQ07ojeNNt71EyccfIdnKQ==",
      "dev": true
    },
    "@types/node": {
      "version": "8.0.24",
      "resolved": "https://registry.npmjs.org/@types/node/-/node-8.0.24.tgz",
      "integrity": "sha512-c3Npme+2JGqxW8+B+aXdN5SPIlCf1C8WxQC6Ea39rO/ASPosnMkWVR16mDJtRE+2dr2xwOQ7DiLxb+wO/TWuPg==",
      "dev": true
    },
    "debug": {
      "version": "3.0.0",
      "resolved": "https://registry.npmjs.org/debug/-/debug-3.0.0.tgz",
      "integrity": "sha512-XQkHxxqbsCb+zFurCHbotmJZl5jXsxvkRt952pT6Hpo7LmjWAJF12d9/kqBg5owjbLADbBDli1olravjSiSg8g=="
    },
    "lodash": {
      "version": "4.17.4",
      "resolved": "https://registry.npmjs.org/lodash/-/lodash-4.17.4.tgz",
      "integrity": "sha1-eCA6TRwyiuHYbcpkYONptX9AVa4="
    },
    "ms": {
      "version": "2.0.0",
      "resolved": "https://registry.npmjs.org/ms/-/ms-2.0.0.tgz",
      "integrity": "sha1-VgiurfwAvmwpAd9fmGF4jeDVl8g="
    },
    "require-dir": {
      "version": "0.3.2",
      "resolved": "https://registry.npmjs.org/require-dir/-/require-dir-0.3.2.tgz",
      "integrity": "sha1-wdXHXp+//eny5rM+OD209ZS1pqk="
    }
  }
}
