{
  "name": "circe-cors",
  "version": "1.0.0",
  "lockfileVersion": 1,
  "dependencies": {
    "@types/accepts": {
      "version": "1.3.2",
      "resolved": "https://registry.npmjs.org/@types/accepts/-/accepts-1.3.2.tgz",
      "integrity": "sha1-Uol61aUfBeovV/joE2CFx9HDhaU=",
      "dev": true
    },
    "@types/cookies": {
      "version": "0.6.1",
      "resolved": "https://registry.npmjs.org/@types/cookies/-/cookies-0.6.1.tgz",
      "integrity": "sha1-0Sy9D4qmufDTv7YTuViJegs0hzE=",
      "dev": true
    },
    "@types/http-assert": {
      "version": "1.2.0",
      "resolved": "https://registry.npmjs.org/@types/http-assert/-/http-assert-1.2.0.tgz",
      "integrity": "sha1-C4KZMDbobG/ylE4DO3O1foXM3Ks=",
      "dev": true
    },
    "@types/keygrip": {
      "version": "1.0.1",
      "resolved": "https://registry.npmjs.org/@types/keygrip/-/keygrip-1.0.1.tgz",
      "integrity": "sha1-/1QEYtL7TQqIRBzq8n0oewHD2Hg=",
      "dev": true
    },
    "@types/koa": {
      "version": "2.0.39",
      "resolved": "https://registry.npmjs.org/@types/koa/-/koa-2.0.39.tgz",
      "integrity": "sha1-RboSSdiEm5sP+MHW0vgLCDi4n/o=",
      "dev": true
    },
    "@types/koa-compose": {
      "version": "3.2.2",
      "resolved": "https://registry.npmjs.org/@types/koa-compose/-/koa-compose-3.2.2.tgz",
      "integrity": "sha1-3BBuAAu/kqOskA91bfRzRIh+6Ec=",
      "dev": true
    },
    "@types/node": {
      "version": "8.0.24",
      "resolved": "https://registry.npmjs.org/@types/node/-/node-8.0.24.tgz",
      "integrity": "sha512-c3Npme+2JGqxW8+B+aXdN5SPIlCf1C8WxQC6Ea39rO/ASPosnMkWVR16mDJtRE+2dr2xwOQ7DiLxb+wO/TWuPg==",
      "dev": true
    }
  }
}
